// !$*UTF8*$!
{
	archiveVersion = 1;
	classes = {
	};
	objectVersion = 46;
	objects = {

/* Begin PBXBuildFile section */
		65D1EC681C9D98AD001CEE3C /* main.m in Sources */ = {isa = PBXBuildFile; fileRef = 65D1EC671C9D98AD001CEE3C /* main.m */; };
		65D1EC701C9D98D8001CEE3C /* Person.m in Sources */ = {isa = PBXBuildFile; fileRef = 65D1EC6F1C9D98D8001CEE3C /* Person.m */; };
/* End PBXBuildFile section */

/* Begin PBXCopyFilesBuildPhase section */
		65D1EC621C9D98AD001CEE3C /* CopyFiles */ = {
			isa = PBXCopyFilesBuildPhase;
			buildActionMask = 2147483647;
			dstPath = /usr/share/man/man1/;
			dstSubfolderSpec = 0;
			files = (
			);
			runOnlyForDeploymentPostprocessing = 1;
		};
/* End PBXCopyFilesBuildPhase section */

/* Begin PBXFileReference section */
		65D1EC641C9D98AD001CEE3C /* propertyTest */ = {isa = PBXFileReference; explicitFileType = "compiled.mach-o.executable"; includeInIndex = 0; path = propertyTest; sourceTree = BUILT_PRODUCTS_DIR; };
		65D1EC671C9D98AD001CEE3C /* main.m */ = {isa = PBXFileReference; lastKnownFileType = sourcecode.c.objc; path = main.m; sourceTree = "<group>"; };
		65D1EC6E1C9D98D8001CEE3C /* Person.h */ = {isa = PBXFileReference; fileEncoding = 4; lastKnownFileType = sourcecode.c.h; path = Person.h; sourceTree = "<group>"; };
		65D1EC6F1C9D98D8001CEE3C /* Person.m */ = {isa = PBXFileReference; fileEncoding = 4; lastKnownFileType = sourcecode.c.objc; path = Person.m; sourceTree = "<group>"; };
/* End PBXFileReference section */

/* Begin PBXFrameworksBuildPhase section */
		65D1EC611C9D98AD001CEE3C /* Frameworks */ = {
			isa = PBXFrameworksBuildPhase;
			buildActionMask = 2147483647;
			files = (
			);
			runOnlyForDeploymentPostprocessing = 0;
		};
/* End PBXFrameworksBuildPhase section */

/* Begin PBXGroup section */
		65D1EC5B1C9D98AD001CEE3C = {
			isa = PBXGroup;
			children = (
				65D1EC661C9D98AD001CEE3C /* propertyTest */,
				65D1EC651C9D98AD001CEE3C /* Products */,
			);
			sourceTree = "<group>";
		};
		65D1EC651C9D98AD001CEE3C /* Products */ = {
			isa = PBXGroup;
			children = (
				65D1EC641C9D98AD001CEE3C /* propertyTest */,
			);
			name = Products;
			sourceTree = "<group>";
		};
		65D1EC661C9D98AD001CEE3C /* propertyTest */ = {
			isa = PBXGroup;
			children = (
				65D1EC671C9D98AD001CEE3C /* main.m */,
				65D1EC6E1C9D98D8001CEE3C /* Person.h */,
				65D1EC6F1C9D98D8001CEE3C /* Person.m */,
			);
			path = propertyTest;
			sourceTree = "<group>";
		};
/* End PBXGroup section */

/* Begin PBXNativeTarget section */
		65D1EC631C9D98AD001CEE3C /* propertyTest */ = {
			isa = PBXNativeTarget;
			buildConfigurationList = 65D1EC6B1C9D98AD001CEE3C /* Build configuration list for PBXNativeTarget "propertyTest" */;
			buildPhases = (
				65D1EC601C9D98AD001CEE3C /* Sources */,
				65D1EC611C9D98AD001CEE3C /* Frameworks */,
				65D1EC621C9D98AD001CEE3C /* CopyFiles */,
			);
			buildRules = (
			);
			dependencies = (
			);
			name = propertyTest;
			productName = propertyTest;
			productReference = 65D1EC641C9D98AD001CEE3C /* propertyTest */;
			productType = "com.apple.product-type.tool";
		};
/* End PBXNativeTarget section */

/* Begin PBXProject section */
		65D1EC5C1C9D98AD001CEE3C /* Project object */ = {
			isa = PBXProject;
			attributes = {
				LastUpgradeCheck = 0720;
				ORGANIZATIONNAME = JDJR;
				TargetAttributes = {
					65D1EC631C9D98AD001CEE3C = {
						CreatedOnToolsVersion = 7.2;
					};
				};
			};
			buildConfigurationList = 65D1EC5F1C9D98AD001CEE3C /* Build configuration list for PBXProject "propertyTest" */;
			compatibilityVersion = "Xcode 3.2";
			developmentRegion = English;
			hasScannedForEncodings = 0;
			knownRegions = (
				en,
			);
			mainGroup = 65D1EC5B1C9D98AD001CEE3C;
			productRefGroup = 65D1EC651C9D98AD001CEE3C /* Products */;
			projectDirPath = "";
			projectRoot = "";
			targets = (
				65D1EC631C9D98AD001CEE3C /* propertyTest */,
			);
		};
/* End PBXProject section */

/* Begin PBXSourcesBuildPhase section */
		65D1EC601C9D98AD001CEE3C /* Sources */ = {
			isa = PBXSourcesBuildPhase;
			buildActionMask = 2147483647;
			files = (
				65D1EC701C9D98D8001CEE3C /* Person.m in Sources */,
				65D1EC681C9D98AD001CEE3C /* main.m in Sources */,
			);
			runOnlyForDeploymentPostprocessing = 0;
		};
/* End PBXSourcesBuildPhase section */

/* Begin XCBuildConfiguration section */
		65D1EC691C9D98AD001CEE3C /* Debug */ = {
			isa = XCBuildConfiguration;
			buildSettings = {
				ALWAYS_SEARCH_USER_PATHS = NO;
				CLANG_CXX_LANGUAGE_STANDARD = "gnu++0x";
				CLANG_CXX_LIBRARY = "libc++";
				CLANG_ENABLE_MODULES = YES;
				CLANG_ENABLE_OBJC_ARC = YES;
				CLANG_WARN_BOOL_CONVERSION = YES;
				CLANG_WARN_CONSTANT_CONVERSION = YES;
				CLANG_WARN_DIRECT_OBJC_ISA_USAGE = YES_ERROR;
				CLANG_WARN_EMPTY_BODY = YES;
				CLANG_WARN_ENUM_CONVERSION = YES;
				CLANG_WARN_INT_CONVERSION = YES;
				CLANG_WARN_OBJC_ROOT_CLASS = YES_ERROR;
				CLANG_WARN_UNREACHABLE_CODE = YES;
				CLANG_WARN__DUPLICATE_METHOD_MATCH = YES;
				CODE_SIGN_IDENTITY = "-";
				COPY_PHASE_STRIP = NO;
				DEBUG_INFORMATION_FORMAT = dwarf;
				ENABLE_STRICT_OBJC_MSGSEND = YES;
				ENABLE_TESTABILITY = YES;
				GCC_C_LANGUAGE_STANDARD = gnu99;
				GCC_DYNAMIC_NO_PIC = NO;
				GCC_NO_COMMON_BLOCKS = YES;
				GCC_OPTIMIZATION_LEVEL = 0;
				GCC_PREPROCESSOR_DEFINITIONS = (
					"DEBUG=1",
					"$(inherited)",
				);
				GCC_WARN_64_TO_32_BIT_CONVERSION = YES;
				GCC_WARN_ABOUT_RETURN_TYPE = YES_ERROR;
				GCC_WARN_UNDECLARED_SELECTOR = YES;
				GCC_WARN_UNINITIALIZED_AUTOS = YES_AGGRESSIVE;
				GCC_WARN_UNUSED_FUNCTION = YES;
				GCC_WARN_UNUSED_VARIABLE = YES;
				MACOSX_DEPLOYMENT_TARGET = 10.11;
				MTL_ENABLE_DEBUG_INFO = YES;
				ONLY_ACTIVE_ARCH = YES;
				SDKROOT = macosx;
			};
			name = Debug;
		};
		65D1EC6A1C9D98AD001CEE3C /* Release */ = {
			isa = XCBuildConfiguration;
			buildSettings = {
				ALWAYS_SEARCH_USER_PATHS = NO;
				CLANG_CXX_LANGUAGE_STANDARD = "gnu++0x";
				CLANG_CXX_LIBRARY = "libc++";
				CLANG_ENABLE_MODULES = YES;
				CLANG_ENABLE_OBJC_ARC = YES;
				CLANG_WARN_BOOL_CONVERSION = YES;
				CLANG_WARN_CONSTANT_CONVERSION = YES;
				CLANG_WARN_DIRECT_OBJC_ISA_USAGE = YES_ERROR;
				CLANG_WARN_EMPTY_BODY = YES;
				CLANG_WARN_ENUM_CONVERSION = YES;
				CLANG_WARN_INT_CONVERSION = YES;
				CLANG_WARN_OBJC_ROOT_CLASS = YES_ERROR;
				CLANG_WARN_UNREACHABLE_CODE = YES;
				CLANG_WARN__DUPLICATE_METHOD_MATCH = YES;
				CODE_SIGN_IDENTITY = "-";
				COPY_PHASE_STRIP = NO;
				DEBUG_INFORMATION_FORMAT = "dwarf-with-dsym";
				ENABLE_NS_ASSERTIONS = NO;
				ENABLE_STRICT_OBJC_MSGSEND = YES;
				GCC_C_LANGUAGE_STANDARD = gnu99;
				GCC_NO_COMMON_BLOCKS = YES;
				GCC_WARN_64_TO_32_BIT_CONVERSION = YES;
				GCC_WARN_ABOUT_RETURN_TYPE = YES_ERROR;
				GCC_WARN_UNDECLARED_SELECTOR = YES;
				GCC_WARN_UNINITIALIZED_AUTOS = YES_AGGRESSIVE;
				GCC_WARN_UNUSED_FUNCTION = YES;
				GCC_WARN_UNUSED_VARIABLE = YES;
				MACOSX_DEPLOYMENT_TARGET = 10.11;
				MTL_ENABLE_DEBUG_INFO = NO;
				SDKROOT = macosx;
			};
			name = Release;
		};
		65D1EC6C1C9D98AD001CEE3C /* Debug */ = {
			isa = XCBuildConfiguration;
			buildSettings = {
				PRODUCT_NAME = "$(TARGET_NAME)";
			};
			name = Debug;
		};
		65D1EC6D1C9D98AD001CEE3C /* Release */ = {
			isa = XCBuildConfiguration;
			buildSettings = {
				PRODUCT_NAME = "$(TARGET_NAME)";
			};
			name = Release;
		};
/* End XCBuildConfiguration section */

/* Begin XCConfigurationList section */
		65D1EC5F1C9D98AD001CEE3C /* Build configuration list for PBXProject "propertyTest" */ = {
			isa = XCConfigurationList;
			buildConfigurations = (
				65D1EC691C9D98AD001CEE3C /* Debug */,
				65D1EC6A1C9D98AD001CEE3C /* Release */,
			);
			defaultConfigurationIsVisible = 0;
			defaultConfigurationName = Release;
		};
		65D1EC6B1C9D98AD001CEE3C /* Build configuration list for PBXNativeTarget "propertyTest" */ = {
			isa = XCConfigurationList;
			buildConfigurations = (
				65D1EC6C1C9D98AD001CEE3C /* Debug */,
				65D1EC6D1C9D98AD001CEE3C /* Release */,
			);
			defaultConfigurationIsVisible = 0;
		};
/* End XCConfigurationList section */
	};
	rootObject = 65D1EC5C1C9D98AD001CEE3C /* Project object */;
}
