// !$*UTF8*$!
{
	archiveVersion = 1;
	classes = {
	};
	objectVersion = 46;
	objects = {

/* Begin PBXBuildFile section */
		6586C0341CECB3E3009AF15A /* RootViewController.m in Sources */ = {isa = PBXBuildFile; fileRef = 6586C0331CECB3E3009AF15A /* RootViewController.m */; };
		65D1EBC01C8D28F7001CEE3C /* UIWebView+JDPCategory.m in Sources */ = {isa = PBXBuildFile; fileRef = 65D1EBBF1C8D28F7001CEE3C /* UIWebView+JDPCategory.m */; };
		65EDF5911C84918600095FD9 /* main.m in Sources */ = {isa = PBXBuildFile; fileRef = 65EDF5901C84918600095FD9 /* main.m */; };
		65EDF5941C84918600095FD9 /* AppDelegate.m in Sources */ = {isa = PBXBuildFile; fileRef = 65EDF5931C84918600095FD9 /* AppDelegate.m */; };
		65EDF59C1C84918600095FD9 /* Assets.xcassets in Resources */ = {isa = PBXBuildFile; fileRef = 65EDF59B1C84918600095FD9 /* Assets.xcassets */; };
		65EDF59F1C84918600095FD9 /* LaunchScreen.storyboard in Resources */ = {isa = PBXBuildFile; fileRef = 65EDF59D1C84918600095FD9 /* LaunchScreen.storyboard */; };
		65EDF5AA1C84918600095FD9 /* JDPayDemoTests.m in Sources */ = {isa = PBXBuildFile; fileRef = 65EDF5A91C84918600095FD9 /* JDPayDemoTests.m */; };
		65EDF5B51C84918600095FD9 /* JDPayDemoUITests.m in Sources */ = {isa = PBXBuildFile; fileRef = 65EDF5B41C84918600095FD9 /* JDPayDemoUITests.m */; };
		65EDF5D11C885EFD00095FD9 /* JDPBaseObject.m in Sources */ = {isa = PBXBuildFile; fileRef = 65EDF5CE1C885EFD00095FD9 /* JDPBaseObject.m */; };
		CC13FCD61E66704A001D1996 /* JDPNetDefine.m in Sources */ = {isa = PBXBuildFile; fileRef = CC13FCBF1E66704A001D1996 /* JDPNetDefine.m */; };
		CC13FCD71E66704A001D1996 /* JDPNetHTTPRequest.m in Sources */ = {isa = PBXBuildFile; fileRef = CC13FCC11E66704A001D1996 /* JDPNetHTTPRequest.m */; };
		CC13FCD81E66704A001D1996 /* JDPNetHTTPResponse.m in Sources */ = {isa = PBXBuildFile; fileRef = CC13FCC31E66704A001D1996 /* JDPNetHTTPResponse.m */; };
		CC13FCD91E66704A001D1996 /* JDPNetHTTPSession.m in Sources */ = {isa = PBXBuildFile; fileRef = CC13FCC51E66704A001D1996 /* JDPNetHTTPSession.m */; };
		CC13FCDA1E66704A001D1996 /* JDPNetManager.m in Sources */ = {isa = PBXBuildFile; fileRef = CC13FCC71E66704A001D1996 /* JDPNetManager.m */; };
		CC13FCDB1E66704A001D1996 /* JDPNetParse.m in Sources */ = {isa = PBXBuildFile; fileRef = CC13FCC91E66704A001D1996 /* JDPNetParse.m */; };
		CC13FCDC1E66704A001D1996 /* JDPNetBizDefine.m in Sources */ = {isa = PBXBuildFile; fileRef = CC13FCCC1E66704A001D1996 /* JDPNetBizDefine.m */; };
		CC13FCDD1E66704A001D1996 /* JDPNetBizHTTPRequest.m in Sources */ = {isa = PBXBuildFile; fileRef = CC13FCCE1E66704A001D1996 /* JDPNetBizHTTPRequest.m */; };
		CC13FCDE1E66704A001D1996 /* JDPNetBizHTTPResponse.m in Sources */ = {isa = PBXBuildFile; fileRef = CC13FCD01E66704A001D1996 /* JDPNetBizHTTPResponse.m */; };
		CC13FCDF1E66704A001D1996 /* JDPNetBizManager.m in Sources */ = {isa = PBXBuildFile; fileRef = CC13FCD21E66704A001D1996 /* JDPNetBizManager.m */; };
		CC13FCE01E66704A001D1996 /* Reachability.m in Sources */ = {isa = PBXBuildFile; fileRef = CC13FCD51E66704A001D1996 /* Reachability.m */; };
		CC47010B1CD1F9C6001DB5AD /* JDPDeviceUtils.m in Sources */ = {isa = PBXBuildFile; fileRef = CC47010A1CD1F9C6001DB5AD /* JDPDeviceUtils.m */; };
/* End PBXBuildFile section */

/* Begin PBXContainerItemProxy section */
		65EDF5A61C84918600095FD9 /* PBXContainerItemProxy */ = {
			isa = PBXContainerItemProxy;
			containerPortal = 65EDF5841C84918600095FD9 /* Project object */;
			proxyType = 1;
			remoteGlobalIDString = 65EDF58B1C84918600095FD9;
			remoteInfo = JDPayDemo;
		};
		65EDF5B11C84918600095FD9 /* PBXContainerItemProxy */ = {
			isa = PBXContainerItemProxy;
			containerPortal = 65EDF5841C84918600095FD9 /* Project object */;
			proxyType = 1;
			remoteGlobalIDString = 65EDF58B1C84918600095FD9;
			remoteInfo = JDPayDemo;
		};
/* End PBXContainerItemProxy section */

/* Begin PBXFileReference section */
		6586C0321CECB3E3009AF15A /* RootViewController.h */ = {isa = PBXFileReference; fileEncoding = 4; lastKnownFileType = sourcecode.c.h; path = RootViewController.h; sourceTree = "<group>"; };
		6586C0331CECB3E3009AF15A /* RootViewController.m */ = {isa = PBXFileReference; fileEncoding = 4; lastKnownFileType = sourcecode.c.objc; path = RootViewController.m; sourceTree = "<group>"; };
		65D1EBBE1C8D28F7001CEE3C /* UIWebView+JDPCategory.h */ = {isa = PBXFileReference; fileEncoding = 4; lastKnownFileType = sourcecode.c.h; path = "UIWebView+JDPCategory.h"; sourceTree = "<group>"; };
		65D1EBBF1C8D28F7001CEE3C /* UIWebView+JDPCategory.m */ = {isa = PBXFileReference; fileEncoding = 4; lastKnownFileType = sourcecode.c.objc; path = "UIWebView+JDPCategory.m"; sourceTree = "<group>"; };
		65D1EC081C8F279F001CEE3C /* JDPScreenMacros.h */ = {isa = PBXFileReference; fileEncoding = 4; lastKnownFileType = sourcecode.c.h; path = JDPScreenMacros.h; sourceTree = "<group>"; };
		65EDF58C1C84918600095FD9 /* JDPayDemo.app */ = {isa = PBXFileReference; explicitFileType = wrapper.application; includeInIndex = 0; path = JDPayDemo.app; sourceTree = BUILT_PRODUCTS_DIR; };
		65EDF5901C84918600095FD9 /* main.m */ = {isa = PBXFileReference; lastKnownFileType = sourcecode.c.objc; path = main.m; sourceTree = "<group>"; };
		65EDF5921C84918600095FD9 /* AppDelegate.h */ = {isa = PBXFileReference; lastKnownFileType = sourcecode.c.h; path = AppDelegate.h; sourceTree = "<group>"; };
		65EDF5931C84918600095FD9 /* AppDelegate.m */ = {isa = PBXFileReference; lastKnownFileType = sourcecode.c.objc; path = AppDelegate.m; sourceTree = "<group>"; };
		65EDF59B1C84918600095FD9 /* Assets.xcassets */ = {isa = PBXFileReference; lastKnownFileType = folder.assetcatalog; path = Assets.xcassets; sourceTree = "<group>"; };
		65EDF59E1C84918600095FD9 /* Base */ = {isa = PBXFileReference; lastKnownFileType = file.storyboard; name = Base; path = Base.lproj/LaunchScreen.storyboard; sourceTree = "<group>"; };
		65EDF5A01C84918600095FD9 /* Info.plist */ = {isa = PBXFileReference; lastKnownFileType = text.plist.xml; path = Info.plist; sourceTree = "<group>"; };
		65EDF5A51C84918600095FD9 /* JDPayDemoTests.xctest */ = {isa = PBXFileReference; explicitFileType = wrapper.cfbundle; includeInIndex = 0; path = JDPayDemoTests.xctest; sourceTree = BUILT_PRODUCTS_DIR; };
		65EDF5A91C84918600095FD9 /* JDPayDemoTests.m */ = {isa = PBXFileReference; lastKnownFileType = sourcecode.c.objc; path = JDPayDemoTests.m; sourceTree = "<group>"; };
		65EDF5AB1C84918600095FD9 /* Info.plist */ = {isa = PBXFileReference; lastKnownFileType = text.plist.xml; path = Info.plist; sourceTree = "<group>"; };
		65EDF5B01C84918600095FD9 /* JDPayDemoUITests.xctest */ = {isa = PBXFileReference; explicitFileType = wrapper.cfbundle; includeInIndex = 0; path = JDPayDemoUITests.xctest; sourceTree = BUILT_PRODUCTS_DIR; };
		65EDF5B41C84918600095FD9 /* JDPayDemoUITests.m */ = {isa = PBXFileReference; lastKnownFileType = sourcecode.c.objc; path = JDPayDemoUITests.m; sourceTree = "<group>"; };
		65EDF5B61C84918600095FD9 /* Info.plist */ = {isa = PBXFileReference; lastKnownFileType = text.plist.xml; path = Info.plist; sourceTree = "<group>"; };
		65EDF5CD1C885EFD00095FD9 /* JDPBaseObject.h */ = {isa = PBXFileReference; fileEncoding = 4; lastKnownFileType = sourcecode.c.h; path = JDPBaseObject.h; sourceTree = "<group>"; };
		65EDF5CE1C885EFD00095FD9 /* JDPBaseObject.m */ = {isa = PBXFileReference; fileEncoding = 4; lastKnownFileType = sourcecode.c.objc; path = JDPBaseObject.m; sourceTree = "<group>"; };
		CC13FCBE1E66704A001D1996 /* JDPNetDefine.h */ = {isa = PBXFileReference; fileEncoding = 4; lastKnownFileType = sourcecode.c.h; path = JDPNetDefine.h; sourceTree = "<group>"; };
		CC13FCBF1E66704A001D1996 /* JDPNetDefine.m */ = {isa = PBXFileReference; fileEncoding = 4; lastKnownFileType = sourcecode.c.objc; path = JDPNetDefine.m; sourceTree = "<group>"; };
		CC13FCC01E66704A001D1996 /* JDPNetHTTPRequest.h */ = {isa = PBXFileReference; fileEncoding = 4; lastKnownFileType = sourcecode.c.h; path = JDPNetHTTPRequest.h; sourceTree = "<group>"; };
		CC13FCC11E66704A001D1996 /* JDPNetHTTPRequest.m */ = {isa = PBXFileReference; fileEncoding = 4; lastKnownFileType = sourcecode.c.objc; path = JDPNetHTTPRequest.m; sourceTree = "<group>"; };
		CC13FCC21E66704A001D1996 /* JDPNetHTTPResponse.h */ = {isa = PBXFileReference; fileEncoding = 4; lastKnownFileType = sourcecode.c.h; path = JDPNetHTTPResponse.h; sourceTree = "<group>"; };
		CC13FCC31E66704A001D1996 /* JDPNetHTTPResponse.m */ = {isa = PBXFileReference; fileEncoding = 4; lastKnownFileType = sourcecode.c.objc; path = JDPNetHTTPResponse.m; sourceTree = "<group>"; };
		CC13FCC41E66704A001D1996 /* JDPNetHTTPSession.h */ = {isa = PBXFileReference; fileEncoding = 4; lastKnownFileType = sourcecode.c.h; path = JDPNetHTTPSession.h; sourceTree = "<group>"; };
		CC13FCC51E66704A001D1996 /* JDPNetHTTPSession.m */ = {isa = PBXFileReference; fileEncoding = 4; lastKnownFileType = sourcecode.c.objc; path = JDPNetHTTPSession.m; sourceTree = "<group>"; };
		CC13FCC61E66704A001D1996 /* JDPNetManager.h */ = {isa = PBXFileReference; fileEncoding = 4; lastKnownFileType = sourcecode.c.h; path = JDPNetManager.h; sourceTree = "<group>"; };
		CC13FCC71E66704A001D1996 /* JDPNetManager.m */ = {isa = PBXFileReference; fileEncoding = 4; lastKnownFileType = sourcecode.c.objc; path = JDPNetManager.m; sourceTree = "<group>"; };
		CC13FCC81E66704A001D1996 /* JDPNetParse.h */ = {isa = PBXFileReference; fileEncoding = 4; lastKnownFileType = sourcecode.c.h; path = JDPNetParse.h; sourceTree = "<group>"; };
		CC13FCC91E66704A001D1996 /* JDPNetParse.m */ = {isa = PBXFileReference; fileEncoding = 4; lastKnownFileType = sourcecode.c.objc; path = JDPNetParse.m; sourceTree = "<group>"; };
		CC13FCCB1E66704A001D1996 /* JDPNetBizDefine.h */ = {isa = PBXFileReference; fileEncoding = 4; lastKnownFileType = sourcecode.c.h; path = JDPNetBizDefine.h; sourceTree = "<group>"; };
		CC13FCCC1E66704A001D1996 /* JDPNetBizDefine.m */ = {isa = PBXFileReference; fileEncoding = 4; lastKnownFileType = sourcecode.c.objc; path = JDPNetBizDefine.m; sourceTree = "<group>"; };
		CC13FCCD1E66704A001D1996 /* JDPNetBizHTTPRequest.h */ = {isa = PBXFileReference; fileEncoding = 4; lastKnownFileType = sourcecode.c.h; path = JDPNetBizHTTPRequest.h; sourceTree = "<group>"; };
		CC13FCCE1E66704A001D1996 /* JDPNetBizHTTPRequest.m */ = {isa = PBXFileReference; fileEncoding = 4; lastKnownFileType = sourcecode.c.objc; path = JDPNetBizHTTPRequest.m; sourceTree = "<group>"; };
		CC13FCCF1E66704A001D1996 /* JDPNetBizHTTPResponse.h */ = {isa = PBXFileReference; fileEncoding = 4; lastKnownFileType = sourcecode.c.h; path = JDPNetBizHTTPResponse.h; sourceTree = "<group>"; };
		CC13FCD01E66704A001D1996 /* JDPNetBizHTTPResponse.m */ = {isa = PBXFileReference; fileEncoding = 4; lastKnownFileType = sourcecode.c.objc; path = JDPNetBizHTTPResponse.m; sourceTree = "<group>"; };
		CC13FCD11E66704A001D1996 /* JDPNetBizManager.h */ = {isa = PBXFileReference; fileEncoding = 4; lastKnownFileType = sourcecode.c.h; path = JDPNetBizManager.h; sourceTree = "<group>"; };
		CC13FCD21E66704A001D1996 /* JDPNetBizManager.m */ = {isa = PBXFileReference; fileEncoding = 4; lastKnownFileType = sourcecode.c.objc; path = JDPNetBizManager.m; sourceTree = "<group>"; };
		CC13FCD41E66704A001D1996 /* Reachability.h */ = {isa = PBXFileReference; fileEncoding = 4; lastKnownFileType = sourcecode.c.h; path = Reachability.h; sourceTree = "<group>"; };
		CC13FCD51E66704A001D1996 /* Reachability.m */ = {isa = PBXFileReference; fileEncoding = 4; lastKnownFileType = sourcecode.c.objc; path = Reachability.m; sourceTree = "<group>"; };
		CC4701091CD1F9C6001DB5AD /* JDPDeviceUtils.h */ = {isa = PBXFileReference; fileEncoding = 4; lastKnownFileType = sourcecode.c.h; path = JDPDeviceUtils.h; sourceTree = "<group>"; };
		CC47010A1CD1F9C6001DB5AD /* JDPDeviceUtils.m */ = {isa = PBXFileReference; fileEncoding = 4; lastKnownFileType = sourcecode.c.objc; path = JDPDeviceUtils.m; sourceTree = "<group>"; };
		CC67321E1D6B170900172C32 /* JDPColorMacros.h */ = {isa = PBXFileReference; lastKnownFileType = sourcecode.c.h; path = JDPColorMacros.h; sourceTree = "<group>"; };
		CC67321F1D6B179900172C32 /* JDPLogMacros.h */ = {isa = PBXFileReference; lastKnownFileType = sourcecode.c.h; path = JDPLogMacros.h; sourceTree = "<group>"; };
		CC6733311D6F058000172C32 /* JDPMacros.h */ = {isa = PBXFileReference; lastKnownFileType = sourcecode.c.h; path = JDPMacros.h; sourceTree = "<group>"; };
/* End PBXFileReference section */

/* Begin PBXFrameworksBuildPhase section */
		65EDF5891C84918600095FD9 /* Frameworks */ = {
			isa = PBXFrameworksBuildPhase;
			buildActionMask = 2147483647;
			files = (
			);
			runOnlyForDeploymentPostprocessing = 0;
		};
		65EDF5A21C84918600095FD9 /* Frameworks */ = {
			isa = PBXFrameworksBuildPhase;
			buildActionMask = 2147483647;
			files = (
			);
			runOnlyForDeploymentPostprocessing = 0;
		};
		65EDF5AD1C84918600095FD9 /* Frameworks */ = {
			isa = PBXFrameworksBuildPhase;
			buildActionMask = 2147483647;
			files = (
			);
			runOnlyForDeploymentPostprocessing = 0;
		};
/* End PBXFrameworksBuildPhase section */

/* Begin PBXGroup section */
		6586BFF81CECB3CB009AF15A /* Framework */ = {
			isa = PBXGroup;
			children = (
				CC13FCBC1E66704A001D1996 /* JDPNetworking */,
			);
			path = Framework;
			sourceTree = "<group>";
		};
		65D1EBBD1C8D28D6001CEE3C /* Category */ = {
			isa = PBXGroup;
			children = (
				65D1EBBE1C8D28F7001CEE3C /* UIWebView+JDPCategory.h */,
				65D1EBBF1C8D28F7001CEE3C /* UIWebView+JDPCategory.m */,
			);
			path = Category;
			sourceTree = "<group>";
		};
		65D1EC071C8F279F001CEE3C /* Macros */ = {
			isa = PBXGroup;
			children = (
				CC6733311D6F058000172C32 /* JDPMacros.h */,
				65D1EC081C8F279F001CEE3C /* JDPScreenMacros.h */,
				CC67321E1D6B170900172C32 /* JDPColorMacros.h */,
				CC67321F1D6B179900172C32 /* JDPLogMacros.h */,
			);
			path = Macros;
			sourceTree = "<group>";
		};
		65EDF5831C84918600095FD9 = {
			isa = PBXGroup;
			children = (
				65EDF58E1C84918600095FD9 /* JDPayDemo */,
				65EDF5A81C84918600095FD9 /* JDPayDemoTests */,
				65EDF5B31C84918600095FD9 /* JDPayDemoUITests */,
				65EDF58D1C84918600095FD9 /* Products */,
			);
			sourceTree = "<group>";
		};
		65EDF58D1C84918600095FD9 /* Products */ = {
			isa = PBXGroup;
			children = (
				65EDF58C1C84918600095FD9 /* JDPayDemo.app */,
				65EDF5A51C84918600095FD9 /* JDPayDemoTests.xctest */,
				65EDF5B01C84918600095FD9 /* JDPayDemoUITests.xctest */,
			);
			name = Products;
			sourceTree = "<group>";
		};
		65EDF58E1C84918600095FD9 /* JDPayDemo */ = {
			isa = PBXGroup;
			children = (
				65EDF5C31C84986C00095FD9 /* Common */,
				65EDF5921C84918600095FD9 /* AppDelegate.h */,
				65EDF5931C84918600095FD9 /* AppDelegate.m */,
				6586C0321CECB3E3009AF15A /* RootViewController.h */,
				6586C0331CECB3E3009AF15A /* RootViewController.m */,
				65EDF59B1C84918600095FD9 /* Assets.xcassets */,
				65EDF59D1C84918600095FD9 /* LaunchScreen.storyboard */,
				65EDF5A01C84918600095FD9 /* Info.plist */,
				65EDF58F1C84918600095FD9 /* Supporting Files */,
			);
			path = JDPayDemo;
			sourceTree = "<group>";
		};
		65EDF58F1C84918600095FD9 /* Supporting Files */ = {
			isa = PBXGroup;
			children = (
				65EDF5901C84918600095FD9 /* main.m */,
			);
			name = "Supporting Files";
			sourceTree = "<group>";
		};
		65EDF5A81C84918600095FD9 /* JDPayDemoTests */ = {
			isa = PBXGroup;
			children = (
				65EDF5A91C84918600095FD9 /* JDPayDemoTests.m */,
				65EDF5AB1C84918600095FD9 /* Info.plist */,
			);
			path = JDPayDemoTests;
			sourceTree = "<group>";
		};
		65EDF5B31C84918600095FD9 /* JDPayDemoUITests */ = {
			isa = PBXGroup;
			children = (
				65EDF5B41C84918600095FD9 /* JDPayDemoUITests.m */,
				65EDF5B61C84918600095FD9 /* Info.plist */,
			);
			path = JDPayDemoUITests;
			sourceTree = "<group>";
		};
		65EDF5C31C84986C00095FD9 /* Common */ = {
			isa = PBXGroup;
			children = (
				6586BFF81CECB3CB009AF15A /* Framework */,
				CC4700C01CD1D77B001DB5AD /* Utils */,
				65D1EC071C8F279F001CEE3C /* Macros */,
				65D1EBBD1C8D28D6001CEE3C /* Category */,
				65EDF5CA1C885EFD00095FD9 /* Base */,
			);
			path = Common;
			sourceTree = "<group>";
		};
		65EDF5CA1C885EFD00095FD9 /* Base */ = {
			isa = PBXGroup;
			children = (
				65EDF5CB1C885EFD00095FD9 /* BaseModel */,
				65EDF5CC1C885EFD00095FD9 /* BaseObject */,
				65EDF5CF1C885EFD00095FD9 /* BaseView */,
				65EDF5D01C885EFD00095FD9 /* BaseViewController */,
			);
			path = Base;
			sourceTree = "<group>";
		};
		65EDF5CB1C885EFD00095FD9 /* BaseModel */ = {
			isa = PBXGroup;
			children = (
			);
			path = BaseModel;
			sourceTree = "<group>";
		};
		65EDF5CC1C885EFD00095FD9 /* BaseObject */ = {
			isa = PBXGroup;
			children = (
				65EDF5CD1C885EFD00095FD9 /* JDPBaseObject.h */,
				65EDF5CE1C885EFD00095FD9 /* JDPBaseObject.m */,
			);
			path = BaseObject;
			sourceTree = "<group>";
		};
		65EDF5CF1C885EFD00095FD9 /* BaseView */ = {
			isa = PBXGroup;
			children = (
			);
			path = BaseView;
			sourceTree = "<group>";
		};
		65EDF5D01C885EFD00095FD9 /* BaseViewController */ = {
			isa = PBXGroup;
			children = (
			);
			path = BaseViewController;
			sourceTree = "<group>";
		};
		CC13FCBC1E66704A001D1996 /* JDPNetworking */ = {
			isa = PBXGroup;
			children = (
				CC13FCBD1E66704A001D1996 /* JDPNet */,
				CC13FCCA1E66704A001D1996 /* JDPNetBiz */,
				CC13FCD31E66704A001D1996 /* Reachability */,
			);
			path = JDPNetworking;
			sourceTree = "<group>";
		};
		CC13FCBD1E66704A001D1996 /* JDPNet */ = {
			isa = PBXGroup;
			children = (
				CC13FCBE1E66704A001D1996 /* JDPNetDefine.h */,
				CC13FCBF1E66704A001D1996 /* JDPNetDefine.m */,
				CC13FCC01E66704A001D1996 /* JDPNetHTTPRequest.h */,
				CC13FCC11E66704A001D1996 /* JDPNetHTTPRequest.m */,
				CC13FCC21E66704A001D1996 /* JDPNetHTTPResponse.h */,
				CC13FCC31E66704A001D1996 /* JDPNetHTTPResponse.m */,
				CC13FCC41E66704A001D1996 /* JDPNetHTTPSession.h */,
				CC13FCC51E66704A001D1996 /* JDPNetHTTPSession.m */,
				CC13FCC61E66704A001D1996 /* JDPNetManager.h */,
				CC13FCC71E66704A001D1996 /* JDPNetManager.m */,
				CC13FCC81E66704A001D1996 /* JDPNetParse.h */,
				CC13FCC91E66704A001D1996 /* JDPNetParse.m */,
			);
			path = JDPNet;
			sourceTree = "<group>";
		};
		CC13FCCA1E66704A001D1996 /* JDPNetBiz */ = {
			isa = PBXGroup;
			children = (
				CC13FCCB1E66704A001D1996 /* JDPNetBizDefine.h */,
				CC13FCCC1E66704A001D1996 /* JDPNetBizDefine.m */,
				CC13FCCD1E66704A001D1996 /* JDPNetBizHTTPRequest.h */,
				CC13FCCE1E66704A001D1996 /* JDPNetBizHTTPRequest.m */,
				CC13FCCF1E66704A001D1996 /* JDPNetBizHTTPResponse.h */,
				CC13FCD01E66704A001D1996 /* JDPNetBizHTTPResponse.m */,
				CC13FCD11E66704A001D1996 /* JDPNetBizManager.h */,
				CC13FCD21E66704A001D1996 /* JDPNetBizManager.m */,
			);
			path = JDPNetBiz;
			sourceTree = "<group>";
		};
		CC13FCD31E66704A001D1996 /* Reachability */ = {
			isa = PBXGroup;
			children = (
				CC13FCD41E66704A001D1996 /* Reachability.h */,
				CC13FCD51E66704A001D1996 /* Reachability.m */,
			);
			path = Reachability;
			sourceTree = "<group>";
		};
		CC4700C01CD1D77B001DB5AD /* Utils */ = {
			isa = PBXGroup;
			children = (
				CC4701081CD1F9C6001DB5AD /* JDPDeviceUtils */,
			);
			path = Utils;
			sourceTree = "<group>";
		};
		CC4701081CD1F9C6001DB5AD /* JDPDeviceUtils */ = {
			isa = PBXGroup;
			children = (
				CC4701091CD1F9C6001DB5AD /* JDPDeviceUtils.h */,
				CC47010A1CD1F9C6001DB5AD /* JDPDeviceUtils.m */,
			);
			path = JDPDeviceUtils;
			sourceTree = "<group>";
		};
/* End PBXGroup section */

/* Begin PBXNativeTarget section */
		65EDF58B1C84918600095FD9 /* JDPayDemo */ = {
			isa = PBXNativeTarget;
			buildConfigurationList = 65EDF5B91C84918600095FD9 /* Build configuration list for PBXNativeTarget "JDPayDemo" */;
			buildPhases = (
				65EDF5881C84918600095FD9 /* Sources */,
				65EDF5891C84918600095FD9 /* Frameworks */,
				65EDF58A1C84918600095FD9 /* Resources */,
			);
			buildRules = (
			);
			dependencies = (
			);
			name = JDPayDemo;
			productName = JDPayDemo;
			productReference = 65EDF58C1C84918600095FD9 /* JDPayDemo.app */;
			productType = "com.apple.product-type.application";
		};
		65EDF5A41C84918600095FD9 /* JDPayDemoTests */ = {
			isa = PBXNativeTarget;
			buildConfigurationList = 65EDF5BC1C84918600095FD9 /* Build configuration list for PBXNativeTarget "JDPayDemoTests" */;
			buildPhases = (
				65EDF5A11C84918600095FD9 /* Sources */,
				65EDF5A21C84918600095FD9 /* Frameworks */,
				65EDF5A31C84918600095FD9 /* Resources */,
			);
			buildRules = (
			);
			dependencies = (
				65EDF5A71C84918600095FD9 /* PBXTargetDependency */,
			);
			name = JDPayDemoTests;
			productName = JDPayDemoTests;
			productReference = 65EDF5A51C84918600095FD9 /* JDPayDemoTests.xctest */;
			productType = "com.apple.product-type.bundle.unit-test";
		};
		65EDF5AF1C84918600095FD9 /* JDPayDemoUITests */ = {
			isa = PBXNativeTarget;
			buildConfigurationList = 65EDF5BF1C84918600095FD9 /* Build configuration list for PBXNativeTarget "JDPayDemoUITests" */;
			buildPhases = (
				65EDF5AC1C84918600095FD9 /* Sources */,
				65EDF5AD1C84918600095FD9 /* Frameworks */,
				65EDF5AE1C84918600095FD9 /* Resources */,
			);
			buildRules = (
			);
			dependencies = (
				65EDF5B21C84918600095FD9 /* PBXTargetDependency */,
			);
			name = JDPayDemoUITests;
			productName = JDPayDemoUITests;
			productReference = 65EDF5B01C84918600095FD9 /* JDPayDemoUITests.xctest */;
			productType = "com.apple.product-type.bundle.ui-testing";
		};
/* End PBXNativeTarget section */

/* Begin PBXProject section */
		65EDF5841C84918600095FD9 /* Project object */ = {
			isa = PBXProject;
			attributes = {
				LastUpgradeCheck = 0720;
				ORGANIZATIONNAME = JDJR;
				TargetAttributes = {
					65EDF58B1C84918600095FD9 = {
						CreatedOnToolsVersion = 7.2;
						DevelopmentTeam = VN6P62PKKU;
						ProvisioningStyle = Manual;
					};
					65EDF5A41C84918600095FD9 = {
						CreatedOnToolsVersion = 7.2;
						DevelopmentTeam = 59RLF4GK58;
						TestTargetID = 65EDF58B1C84918600095FD9;
					};
					65EDF5AF1C84918600095FD9 = {
						CreatedOnToolsVersion = 7.2;
						DevelopmentTeam = 59RLF4GK58;
						TestTargetID = 65EDF58B1C84918600095FD9;
					};
				};
			};
			buildConfigurationList = 65EDF5871C84918600095FD9 /* Build configuration list for PBXProject "JDPayDemo" */;
			compatibilityVersion = "Xcode 3.2";
			developmentRegion = English;
			hasScannedForEncodings = 0;
			knownRegions = (
				en,
				Base,
			);
			mainGroup = 65EDF5831C84918600095FD9;
			productRefGroup = 65EDF58D1C84918600095FD9 /* Products */;
			projectDirPath = "";
			projectRoot = "";
			targets = (
				65EDF58B1C84918600095FD9 /* JDPayDemo */,
				65EDF5A41C84918600095FD9 /* JDPayDemoTests */,
				65EDF5AF1C84918600095FD9 /* JDPayDemoUITests */,
			);
		};
/* End PBXProject section */

/* Begin PBXResourcesBuildPhase section */
		65EDF58A1C84918600095FD9 /* Resources */ = {
			isa = PBXResourcesBuildPhase;
			buildActionMask = 2147483647;
			files = (
				65EDF59F1C84918600095FD9 /* LaunchScreen.storyboard in Resources */,
				65EDF59C1C84918600095FD9 /* Assets.xcassets in Resources */,
			);
			runOnlyForDeploymentPostprocessing = 0;
		};
		65EDF5A31C84918600095FD9 /* Resources */ = {
			isa = PBXResourcesBuildPhase;
			buildActionMask = 2147483647;
			files = (
			);
			runOnlyForDeploymentPostprocessing = 0;
		};
		65EDF5AE1C84918600095FD9 /* Resources */ = {
			isa = PBXResourcesBuildPhase;
			buildActionMask = 2147483647;
			files = (
			);
			runOnlyForDeploymentPostprocessing = 0;
		};
/* End PBXResourcesBuildPhase section */

/* Begin PBXSourcesBuildPhase section */
		65EDF5881C84918600095FD9 /* Sources */ = {
			isa = PBXSourcesBuildPhase;
			buildActionMask = 2147483647;
			files = (
				65D1EBC01C8D28F7001CEE3C /* UIWebView+JDPCategory.m in Sources */,
				6586C0341CECB3E3009AF15A /* RootViewController.m in Sources */,
				CC13FCDF1E66704A001D1996 /* JDPNetBizManager.m in Sources */,
				CC13FCDD1E66704A001D1996 /* JDPNetBizHTTPRequest.m in Sources */,
				CC13FCDA1E66704A001D1996 /* JDPNetManager.m in Sources */,
				65EDF5941C84918600095FD9 /* AppDelegate.m in Sources */,
				CC13FCDB1E66704A001D1996 /* JDPNetParse.m in Sources */,
				CC13FCD61E66704A001D1996 /* JDPNetDefine.m in Sources */,
				CC13FCD71E66704A001D1996 /* JDPNetHTTPRequest.m in Sources */,
				CC13FCD91E66704A001D1996 /* JDPNetHTTPSession.m in Sources */,
				65EDF5911C84918600095FD9 /* main.m in Sources */,
				CC13FCDE1E66704A001D1996 /* JDPNetBizHTTPResponse.m in Sources */,
				CC13FCD81E66704A001D1996 /* JDPNetHTTPResponse.m in Sources */,
				CC47010B1CD1F9C6001DB5AD /* JDPDeviceUtils.m in Sources */,
				CC13FCDC1E66704A001D1996 /* JDPNetBizDefine.m in Sources */,
				65EDF5D11C885EFD00095FD9 /* JDPBaseObject.m in Sources */,
				CC13FCE01E66704A001D1996 /* Reachability.m in Sources */,
			);
			runOnlyForDeploymentPostprocessing = 0;
		};
		65EDF5A11C84918600095FD9 /* Sources */ = {
			isa = PBXSourcesBuildPhase;
			buildActionMask = 2147483647;
			files = (
				65EDF5AA1C84918600095FD9 /* JDPayDemoTests.m in Sources */,
			);
			runOnlyForDeploymentPostprocessing = 0;
		};
		65EDF5AC1C84918600095FD9 /* Sources */ = {
			isa = PBXSourcesBuildPhase;
			buildActionMask = 2147483647;
			files = (
				65EDF5B51C84918600095FD9 /* JDPayDemoUITests.m in Sources */,
			);
			runOnlyForDeploymentPostprocessing = 0;
		};
/* End PBXSourcesBuildPhase section */

/* Begin PBXTargetDependency section */
		65EDF5A71C84918600095FD9 /* PBXTargetDependency */ = {
			isa = PBXTargetDependency;
			target = 65EDF58B1C84918600095FD9 /* JDPayDemo */;
			targetProxy = 65EDF5A61C84918600095FD9 /* PBXContainerItemProxy */;
		};
		65EDF5B21C84918600095FD9 /* PBXTargetDependency */ = {
			isa = PBXTargetDependency;
			target = 65EDF58B1C84918600095FD9 /* JDPayDemo */;
			targetProxy = 65EDF5B11C84918600095FD9 /* PBXContainerItemProxy */;
		};
/* End PBXTargetDependency section */

/* Begin PBXVariantGroup section */
		65EDF59D1C84918600095FD9 /* LaunchScreen.storyboard */ = {
			isa = PBXVariantGroup;
			children = (
				65EDF59E1C84918600095FD9 /* Base */,
			);
			name = LaunchScreen.storyboard;
			sourceTree = "<group>";
		};
/* End PBXVariantGroup section */

/* Begin XCBuildConfiguration section */
		65EDF5B71C84918600095FD9 /* Debug */ = {
			isa = XCBuildConfiguration;
			buildSettings = {
				ALWAYS_SEARCH_USER_PATHS = NO;
				CLANG_CXX_LANGUAGE_STANDARD = "gnu++0x";
				CLANG_CXX_LIBRARY = "libc++";
				CLANG_ENABLE_MODULES = YES;
				CLANG_ENABLE_OBJC_ARC = YES;
				CLANG_WARN_BOOL_CONVERSION = YES;
				CLANG_WARN_CONSTANT_CONVERSION = YES;
				CLANG_WARN_DIRECT_OBJC_ISA_USAGE = YES_ERROR;
				CLANG_WARN_EMPTY_BODY = YES;
				CLANG_WARN_ENUM_CONVERSION = YES;
				CLANG_WARN_INT_CONVERSION = YES;
				CLANG_WARN_OBJC_ROOT_CLASS = YES_ERROR;
				CLANG_WARN_UNREACHABLE_CODE = YES;
				CLANG_WARN__DUPLICATE_METHOD_MATCH = YES;
				"CODE_SIGN_IDENTITY[sdk=iphoneos*]" = "iPhone Developer";
				COPY_PHASE_STRIP = NO;
				DEBUG_INFORMATION_FORMAT = dwarf;
				ENABLE_STRICT_OBJC_MSGSEND = YES;
				ENABLE_TESTABILITY = YES;
				GCC_C_LANGUAGE_STANDARD = gnu99;
				GCC_DYNAMIC_NO_PIC = NO;
				GCC_NO_COMMON_BLOCKS = YES;
				GCC_OPTIMIZATION_LEVEL = 0;
				GCC_PREPROCESSOR_DEFINITIONS = (
					"DEBUG=1",
					"$(inherited)",
				);
				GCC_WARN_64_TO_32_BIT_CONVERSION = YES;
				GCC_WARN_ABOUT_RETURN_TYPE = YES_ERROR;
				GCC_WARN_UNDECLARED_SELECTOR = YES;
				GCC_WARN_UNINITIALIZED_AUTOS = YES_AGGRESSIVE;
				GCC_WARN_UNUSED_FUNCTION = YES;
				GCC_WARN_UNUSED_VARIABLE = YES;
				IPHONEOS_DEPLOYMENT_TARGET = 9.2;
				MTL_ENABLE_DEBUG_INFO = YES;
				ONLY_ACTIVE_ARCH = YES;
				SDKROOT = iphoneos;
				TARGETED_DEVICE_FAMILY = "1,2";
			};
			name = Debug;
		};
		65EDF5B81C84918600095FD9 /* Release */ = {
			isa = XCBuildConfiguration;
			buildSettings = {
				ALWAYS_SEARCH_USER_PATHS = NO;
				CLANG_CXX_LANGUAGE_STANDARD = "gnu++0x";
				CLANG_CXX_LIBRARY = "libc++";
				CLANG_ENABLE_MODULES = YES;
				CLANG_ENABLE_OBJC_ARC = YES;
				CLANG_WARN_BOOL_CONVERSION = YES;
				CLANG_WARN_CONSTANT_CONVERSION = YES;
				CLANG_WARN_DIRECT_OBJC_ISA_USAGE = YES_ERROR;
				CLANG_WARN_EMPTY_BODY = YES;
				CLANG_WARN_ENUM_CONVERSION = YES;
				CLANG_WARN_INT_CONVERSION = YES;
				CLANG_WARN_OBJC_ROOT_CLASS = YES_ERROR;
				CLANG_WARN_UNREACHABLE_CODE = YES;
				CLANG_WARN__DUPLICATE_METHOD_MATCH = YES;
				"CODE_SIGN_IDENTITY[sdk=iphoneos*]" = "iPhone Developer";
				COPY_PHASE_STRIP = NO;
				DEBUG_INFORMATION_FORMAT = "dwarf-with-dsym";
				ENABLE_NS_ASSERTIONS = NO;
				ENABLE_STRICT_OBJC_MSGSEND = YES;
				GCC_C_LANGUAGE_STANDARD = gnu99;
				GCC_NO_COMMON_BLOCKS = YES;
				GCC_WARN_64_TO_32_BIT_CONVERSION = YES;
				GCC_WARN_ABOUT_RETURN_TYPE = YES_ERROR;
				GCC_WARN_UNDECLARED_SELECTOR = YES;
				GCC_WARN_UNINITIALIZED_AUTOS = YES_AGGRESSIVE;
				GCC_WARN_UNUSED_FUNCTION = YES;
				GCC_WARN_UNUSED_VARIABLE = YES;
				IPHONEOS_DEPLOYMENT_TARGET = 9.2;
				MTL_ENABLE_DEBUG_INFO = NO;
				SDKROOT = iphoneos;
				TARGETED_DEVICE_FAMILY = "1,2";
				VALIDATE_PRODUCT = YES;
			};
			name = Release;
		};
		65EDF5BA1C84918600095FD9 /* Debug */ = {
			isa = XCBuildConfiguration;
			buildSettings = {
				ASSETCATALOG_COMPILER_APPICON_NAME = AppIcon;
				DEVELOPMENT_TEAM = VN6P62PKKU;
				INFOPLIST_FILE = JDPayDemo/Info.plist;
				LD_RUNPATH_SEARCH_PATHS = "$(inherited) @executable_path/Frameworks";
				PRODUCT_BUNDLE_IDENTIFIER = com.jd.JDPayDemo;
				PRODUCT_NAME = "$(TARGET_NAME)";
				PROVISIONING_PROFILE = "0bd8cefc-2071-4e03-8943-63bd4d5c39aa";
				PROVISIONING_PROFILE_SPECIFIER = JDWildcard;
			};
			name = Debug;
		};
		65EDF5BB1C84918600095FD9 /* Release */ = {
			isa = XCBuildConfiguration;
			buildSettings = {
				ASSETCATALOG_COMPILER_APPICON_NAME = AppIcon;
				DEVELOPMENT_TEAM = "";
				INFOPLIST_FILE = JDPayDemo/Info.plist;
				LD_RUNPATH_SEARCH_PATHS = "$(inherited) @executable_path/Frameworks";
				PRODUCT_BUNDLE_IDENTIFIER = com.jd.JDPayDemo;
				PRODUCT_NAME = "$(TARGET_NAME)";
			};
			name = Release;
		};
		65EDF5BD1C84918600095FD9 /* Debug */ = {
			isa = XCBuildConfiguration;
			buildSettings = {
				BUNDLE_LOADER = "$(TEST_HOST)";
				INFOPLIST_FILE = JDPayDemoTests/Info.plist;
				LD_RUNPATH_SEARCH_PATHS = "$(inherited) @executable_path/Frameworks @loader_path/Frameworks";
				PRODUCT_BUNDLE_IDENTIFIER = com.jd.JDPayDemoTests;
				PRODUCT_NAME = "$(TARGET_NAME)";
				TEST_HOST = "$(BUILT_PRODUCTS_DIR)/JDPayDemo.app/JDPayDemo";
			};
			name = Debug;
		};
		65EDF5BE1C84918600095FD9 /* Release */ = {
			isa = XCBuildConfiguration;
			buildSettings = {
				BUNDLE_LOADER = "$(TEST_HOST)";
				INFOPLIST_FILE = JDPayDemoTests/Info.plist;
				LD_RUNPATH_SEARCH_PATHS = "$(inherited) @executable_path/Frameworks @loader_path/Frameworks";
				PRODUCT_BUNDLE_IDENTIFIER = com.jd.JDPayDemoTests;
				PRODUCT_NAME = "$(TARGET_NAME)";
				TEST_HOST = "$(BUILT_PRODUCTS_DIR)/JDPayDemo.app/JDPayDemo";
			};
			name = Release;
		};
		65EDF5C01C84918600095FD9 /* Debug */ = {
			isa = XCBuildConfiguration;
			buildSettings = {
				INFOPLIST_FILE = JDPayDemoUITests/Info.plist;
				LD_RUNPATH_SEARCH_PATHS = "$(inherited) @executable_path/Frameworks @loader_path/Frameworks";
				PRODUCT_BUNDLE_IDENTIFIER = com.jd.JDPayDemoUITests;
				PRODUCT_NAME = "$(TARGET_NAME)";
				TEST_TARGET_NAME = JDPayDemo;
				USES_XCTRUNNER = YES;
			};
			name = Debug;
		};
		65EDF5C11C84918600095FD9 /* Release */ = {
			isa = XCBuildConfiguration;
			buildSettings = {
				INFOPLIST_FILE = JDPayDemoUITests/Info.plist;
				LD_RUNPATH_SEARCH_PATHS = "$(inherited) @executable_path/Frameworks @loader_path/Frameworks";
				PRODUCT_BUNDLE_IDENTIFIER = com.jd.JDPayDemoUITests;
				PRODUCT_NAME = "$(TARGET_NAME)";
				TEST_TARGET_NAME = JDPayDemo;
				USES_XCTRUNNER = YES;
			};
			name = Release;
		};
/* End XCBuildConfiguration section */

/* Begin XCConfigurationList section */
		65EDF5871C84918600095FD9 /* Build configuration list for PBXProject "JDPayDemo" */ = {
			isa = XCConfigurationList;
			buildConfigurations = (
				65EDF5B71C84918600095FD9 /* Debug */,
				65EDF5B81C84918600095FD9 /* Release */,
			);
			defaultConfigurationIsVisible = 0;
			defaultConfigurationName = Release;
		};
		65EDF5B91C84918600095FD9 /* Build configuration list for PBXNativeTarget "JDPayDemo" */ = {
			isa = XCConfigurationList;
			buildConfigurations = (
				65EDF5BA1C84918600095FD9 /* Debug */,
				65EDF5BB1C84918600095FD9 /* Release */,
			);
			defaultConfigurationIsVisible = 0;
			defaultConfigurationName = Release;
		};
		65EDF5BC1C84918600095FD9 /* Build configuration list for PBXNativeTarget "JDPayDemoTests" */ = {
			isa = XCConfigurationList;
			buildConfigurations = (
				65EDF5BD1C84918600095FD9 /* Debug */,
				65EDF5BE1C84918600095FD9 /* Release */,
			);
			defaultConfigurationIsVisible = 0;
			defaultConfigurationName = Release;
		};
		65EDF5BF1C84918600095FD9 /* Build configuration list for PBXNativeTarget "JDPayDemoUITests" */ = {
			isa = XCConfigurationList;
			buildConfigurations = (
				65EDF5C01C84918600095FD9 /* Debug */,
				65EDF5C11C84918600095FD9 /* Release */,
			);
			defaultConfigurationIsVisible = 0;
			defaultConfigurationName = Release;
		};
/* End XCConfigurationList section */
	};
	rootObject = 65EDF5841C84918600095FD9 /* Project object */;
}
